
Microsoft Visual Studio Solution File, Format Version 12.00
# Visual Studio Version 17
VisualStudioVersion = 17.5.002.0
MinimumVisualStudioVersion = 10.0.40219.1
Project("{9A19103F-16F7-4668-BE54-9A1E7A4F7556}") = "ZooManagement", "ZooManagement.csproj", "{C8C6DBE7-2480-4350-9CC2-D0E70416ED90}"
EndProject
Global
	GlobalSection(SolutionConfigurationPlatforms) = preSolution
		Debug|Any CPU = Debug|Any CPU
		Release|Any CPU = Release|Any CPU
	EndGlobalSection
	GlobalSection(ProjectConfigurationPlatforms) = postSolution
		{C8C6DBE7-2480-4350-9CC2-D0E70416ED90}.Debug|Any CPU.ActiveCfg = Debug|Any CPU
		{C8C6DBE7-2480-4350-9CC2-D0E70416ED90}.Debug|Any CPU.Build.0 = Debug|Any CPU
		{C8C6DBE7-2480-4350-9CC2-D0E70416ED90}.Release|Any CPU.ActiveCfg = Release|Any CPU
		{C8C6DBE7-2480-4350-9CC2-D0E70416ED90}.Release|Any CPU.Build.0 = Release|Any CPU
	EndGlobalSection
	GlobalSection(SolutionProperties) = preSolution
		HideSolutionNode = FALSE
	EndGlobalSection
	GlobalSection(ExtensibilityGlobals) = postSolution
		SolutionGuid = {30032ABE-D915-4B68-A0C0-D527661A2F65}
	EndGlobalSection
EndGlobal
